// !$*UTF8*$!
{
	archiveVersion = 1;
	classes = {
	};
	objectVersion = 50;
	objects = {

/* Begin PBXBuildFile section */
		D23564A924C3DED200F541A4 /* Helper.swift in Sources */ = {isa = PBXBuildFile; fileRef = D23564A724C3DED200F541A4 /* Helper.swift */; };
		D23564AA24C3DED200F541A4 /* Data.swift in Sources */ = {isa = PBXBuildFile; fileRef = D23564A824C3DED200F541A4 /* Data.swift */; };
		D23564AD24C3DEEC00F541A4 /* MenuListView.swift in Sources */ = {isa = PBXBuildFile; fileRef = D23564AB24C3DEEC00F541A4 /* MenuListView.swift */; };
		D23564AE24C3DEEC00F541A4 /* menu.json in Resources */ = {isa = PBXBuildFile; fileRef = D23564AC24C3DEEC00F541A4 /* menu.json */; };
		D23564B324C3E0E000F541A4 /* ItemCell.swift in Sources */ = {isa = PBXBuildFile; fileRef = D23564B224C3E0E000F541A4 /* ItemCell.swift */; };
		D23564B724C3F27600F541A4 /* MenuDetail.swift in Sources */ = {isa = PBXBuildFile; fileRef = D23564B624C3F27600F541A4 /* MenuDetail.swift */; };
		D23564B924C3FFCC00F541A4 /* OrderView.swift in Sources */ = {isa = PBXBuildFile; fileRef = D23564B824C3FFCC00F541A4 /* OrderView.swift */; };
		D23564BB24C4015800F541A4 /* AppView.swift in Sources */ = {isa = PBXBuildFile; fileRef = D23564BA24C4015800F541A4 /* AppView.swift */; };
		D23564BD24C404E000F541A4 /* CheckoutView.swift in Sources */ = {isa = PBXBuildFile; fileRef = D23564BC24C404E000F541A4 /* CheckoutView.swift */; };
		D23564C024C4461200F541A4 /* Color+Ext.swift in Sources */ = {isa = PBXBuildFile; fileRef = D23564BF24C4461200F541A4 /* Color+Ext.swift */; };
		D23564C124C446BF00F541A4 /* HoboStd.otf in Resources */ = {isa = PBXBuildFile; fileRef = D23564BE24C4456500F541A4 /* HoboStd.otf */; };
		D2546EA424C314FB00FA87AC /* AppDelegate.swift in Sources */ = {isa = PBXBuildFile; fileRef = D2546EA324C314FB00FA87AC /* AppDelegate.swift */; };
		D2546EA624C314FB00FA87AC /* SceneDelegate.swift in Sources */ = {isa = PBXBuildFile; fileRef = D2546EA524C314FB00FA87AC /* SceneDelegate.swift */; };
		D2546EAA24C3150100FA87AC /* Assets.xcassets in Resources */ = {isa = PBXBuildFile; fileRef = D2546EA924C3150100FA87AC /* Assets.xcassets */; };
		D2546EAD24C3150100FA87AC /* Preview Assets.xcassets in Resources */ = {isa = PBXBuildFile; fileRef = D2546EAC24C3150100FA87AC /* Preview Assets.xcassets */; };
		D2546EB024C3150100FA87AC /* LaunchScreen.storyboard in Resources */ = {isa = PBXBuildFile; fileRef = D2546EAE24C3150100FA87AC /* LaunchScreen.storyboard */; };
/* End PBXBuildFile section */

/* Begin PBXFileReference section */
		D23564A724C3DED200F541A4 /* Helper.swift */ = {isa = PBXFileReference; fileEncoding = 4; lastKnownFileType = sourcecode.swift; path = Helper.swift; sourceTree = "<group>"; };
		D23564A824C3DED200F541A4 /* Data.swift */ = {isa = PBXFileReference; fileEncoding = 4; lastKnownFileType = sourcecode.swift; path = Data.swift; sourceTree = "<group>"; };
		D23564AB24C3DEEC00F541A4 /* MenuListView.swift */ = {isa = PBXFileReference; fileEncoding = 4; lastKnownFileType = sourcecode.swift; path = MenuListView.swift; sourceTree = "<group>"; };
		D23564AC24C3DEEC00F541A4 /* menu.json */ = {isa = PBXFileReference; fileEncoding = 4; lastKnownFileType = text.json; path = menu.json; sourceTree = "<group>"; };
		D23564B224C3E0E000F541A4 /* ItemCell.swift */ = {isa = PBXFileReference; lastKnownFileType = sourcecode.swift; path = ItemCell.swift; sourceTree = "<group>"; };
		D23564B624C3F27600F541A4 /* MenuDetail.swift */ = {isa = PBXFileReference; lastKnownFileType = sourcecode.swift; path = MenuDetail.swift; sourceTree = "<group>"; };
		D23564B824C3FFCC00F541A4 /* OrderView.swift */ = {isa = PBXFileReference; lastKnownFileType = sourcecode.swift; path = OrderView.swift; sourceTree = "<group>"; };
		D23564BA24C4015800F541A4 /* AppView.swift */ = {isa = PBXFileReference; lastKnownFileType = sourcecode.swift; path = AppView.swift; sourceTree = "<group>"; };
		D23564BC24C404E000F541A4 /* CheckoutView.swift */ = {isa = PBXFileReference; lastKnownFileType = sourcecode.swift; path = CheckoutView.swift; sourceTree = "<group>"; };
		D23564BE24C4456500F541A4 /* HoboStd.otf */ = {isa = PBXFileReference; lastKnownFileType = file; path = HoboStd.otf; sourceTree = "<group>"; };
		D23564BF24C4461200F541A4 /* Color+Ext.swift */ = {isa = PBXFileReference; lastKnownFileType = sourcecode.swift; path = "Color+Ext.swift"; sourceTree = "<group>"; };
		D2546EA024C314FB00FA87AC /* LearnSwiftUI.app */ = {isa = PBXFileReference; explicitFileType = wrapper.application; includeInIndex = 0; path = LearnSwiftUI.app; sourceTree = BUILT_PRODUCTS_DIR; };
		D2546EA324C314FB00FA87AC /* AppDelegate.swift */ = {isa = PBXFileReference; lastKnownFileType = sourcecode.swift; path = AppDelegate.swift; sourceTree = "<group>"; };
		D2546EA524C314FB00FA87AC /* SceneDelegate.swift */ = {isa = PBXFileReference; lastKnownFileType = sourcecode.swift; path = SceneDelegate.swift; sourceTree = "<group>"; };
		D2546EA924C3150100FA87AC /* Assets.xcassets */ = {isa = PBXFileReference; lastKnownFileType = folder.assetcatalog; path = Assets.xcassets; sourceTree = "<group>"; };
		D2546EAC24C3150100FA87AC /* Preview Assets.xcassets */ = {isa = PBXFileReference; lastKnownFileType = folder.assetcatalog; path = "Preview Assets.xcassets"; sourceTree = "<group>"; };
		D2546EAF24C3150100FA87AC /* Base */ = {isa = PBXFileReference; lastKnownFileType = file.storyboard; name = Base; path = Base.lproj/LaunchScreen.storyboard; sourceTree = "<group>"; };
		D2546EB124C3150100FA87AC /* Info.plist */ = {isa = PBXFileReference; lastKnownFileType = text.plist.xml; path = Info.plist; sourceTree = "<group>"; };
/* End PBXFileReference section */

/* Begin PBXFrameworksBuildPhase section */
		D2546E9D24C314FB00FA87AC /* Frameworks */ = {
			isa = PBXFrameworksBuildPhase;
			buildActionMask = 2147483647;
			files = (
			);
			runOnlyForDeploymentPostprocessing = 0;
		};
/* End PBXFrameworksBuildPhase section */

/* Begin PBXGroup section */
		D23564AF24C3DF7400F541A4 /* Helper */ = {
			isa = PBXGroup;
			children = (
				D23564A824C3DED200F541A4 /* Data.swift */,
				D23564A724C3DED200F541A4 /* Helper.swift */,
				D23564BF24C4461200F541A4 /* Color+Ext.swift */,
			);
			path = Helper;
			sourceTree = "<group>";
		};
		D23564B024C3DF8200F541A4 /* Views */ = {
			isa = PBXGroup;
			children = (
				D23564AB24C3DEEC00F541A4 /* MenuListView.swift */,
				D23564B224C3E0E000F541A4 /* ItemCell.swift */,
				D23564B624C3F27600F541A4 /* MenuDetail.swift */,
				D23564B824C3FFCC00F541A4 /* OrderView.swift */,
				D23564BA24C4015800F541A4 /* AppView.swift */,
				D23564BC24C404E000F541A4 /* CheckoutView.swift */,
			);
			path = Views;
			sourceTree = "<group>";
		};
		D23564B124C3DF9000F541A4 /* Supporting files */ = {
			isa = PBXGroup;
			children = (
				D23564BE24C4456500F541A4 /* HoboStd.otf */,
				D23564AC24C3DEEC00F541A4 /* menu.json */,
				D2546EA924C3150100FA87AC /* Assets.xcassets */,
				D2546EAE24C3150100FA87AC /* LaunchScreen.storyboard */,
			);
			path = "Supporting files";
			sourceTree = "<group>";
		};
		D2546E9724C314FB00FA87AC = {
			isa = PBXGroup;
			children = (
				D2546EA224C314FB00FA87AC /* LearnSwiftUI */,
				D2546EA124C314FB00FA87AC /* Products */,
			);
			sourceTree = "<group>";
		};
		D2546EA124C314FB00FA87AC /* Products */ = {
			isa = PBXGroup;
			children = (
				D2546EA024C314FB00FA87AC /* LearnSwiftUI.app */,
			);
			name = Products;
			sourceTree = "<group>";
		};
		D2546EA224C314FB00FA87AC /* LearnSwiftUI */ = {
			isa = PBXGroup;
			children = (
				D2546EB124C3150100FA87AC /* Info.plist */,
				D2546EAB24C3150100FA87AC /* Preview Content */,
				D23564B024C3DF8200F541A4 /* Views */,
				D23564AF24C3DF7400F541A4 /* Helper */,
				D2546EA324C314FB00FA87AC /* AppDelegate.swift */,
				D2546EA524C314FB00FA87AC /* SceneDelegate.swift */,
				D23564B124C3DF9000F541A4 /* Supporting files */,
			);
			path = LearnSwiftUI;
			sourceTree = "<group>";
		};
		D2546EAB24C3150100FA87AC /* Preview Content */ = {
			isa = PBXGroup;
			children = (
				D2546EAC24C3150100FA87AC /* Preview Assets.xcassets */,
			);
			path = "Preview Content";
			sourceTree = "<group>";
		};
/* End PBXGroup section */

/* Begin PBXNativeTarget section */
		D2546E9F24C314FB00FA87AC /* LearnSwiftUI */ = {
			isa = PBXNativeTarget;
			buildConfigurationList = D2546ECA24C3150200FA87AC /* Build configuration list for PBXNativeTarget "LearnSwiftUI" */;
			buildPhases = (
				D2546E9C24C314FB00FA87AC /* Sources */,
				D2546E9D24C314FB00FA87AC /* Frameworks */,
				D2546E9E24C314FB00FA87AC /* Resources */,
			);
			buildRules = (
			);
			dependencies = (
			);
			name = LearnSwiftUI;
			productName = LearnSwiftUI;
			productReference = D2546EA024C314FB00FA87AC /* LearnSwiftUI.app */;
			productType = "com.apple.product-type.application";
		};
/* End PBXNativeTarget section */

/* Begin PBXProject section */
		D2546E9824C314FB00FA87AC /* Project object */ = {
			isa = PBXProject;
			attributes = {
				LastSwiftUpdateCheck = 1150;
				LastUpgradeCheck = 1150;
				ORGANIZATIONNAME = "Nguyen Tien Long";
				TargetAttributes = {
					D2546E9F24C314FB00FA87AC = {
						CreatedOnToolsVersion = 11.5;
					};
				};
			};
			buildConfigurationList = D2546E9B24C314FB00FA87AC /* Build configuration list for PBXProject "LearnSwiftUI" */;
			compatibilityVersion = "Xcode 9.3";
			developmentRegion = en;
			hasScannedForEncodings = 0;
			knownRegions = (
				en,
				Base,
			);
			mainGroup = D2546E9724C314FB00FA87AC;
			productRefGroup = D2546EA124C314FB00FA87AC /* Products */;
			projectDirPath = "";
			projectRoot = "";
			targets = (
				D2546E9F24C314FB00FA87AC /* LearnSwiftUI */,
			);
		};
/* End PBXProject section */

/* Begin PBXResourcesBuildPhase section */
		D2546E9E24C314FB00FA87AC /* Resources */ = {
			isa = PBXResourcesBuildPhase;
			buildActionMask = 2147483647;
			files = (
				D2546EB024C3150100FA87AC /* LaunchScreen.storyboard in Resources */,
				D2546EAD24C3150100FA87AC /* Preview Assets.xcassets in Resources */,
				D23564AE24C3DEEC00F541A4 /* menu.json in Resources */,
				D2546EAA24C3150100FA87AC /* Assets.xcassets in Resources */,
				D23564C124C446BF00F541A4 /* HoboStd.otf in Resources */,
			);
			runOnlyForDeploymentPostprocessing = 0;
		};
/* End PBXResourcesBuildPhase section */

/* Begin PBXSourcesBuildPhase section */
		D2546E9C24C314FB00FA87AC /* Sources */ = {
			isa = PBXSourcesBuildPhase;
			buildActionMask = 2147483647;
			files = (
				D2546EA424C314FB00FA87AC /* AppDelegate.swift in Sources */,
				D23564BD24C404E000F541A4 /* CheckoutView.swift in Sources */,
				D23564AA24C3DED200F541A4 /* Data.swift in Sources */,
				D2546EA624C314FB00FA87AC /* SceneDelegate.swift in Sources */,
				D23564B724C3F27600F541A4 /* MenuDetail.swift in Sources */,
				D23564B324C3E0E000F541A4 /* ItemCell.swift in Sources */,
				D23564B924C3FFCC00F541A4 /* OrderView.swift in Sources */,
				D23564C024C4461200F541A4 /* Color+Ext.swift in Sources */,
				D23564AD24C3DEEC00F541A4 /* MenuListView.swift in Sources */,
				D23564BB24C4015800F541A4 /* AppView.swift in Sources */,
				D23564A924C3DED200F541A4 /* Helper.swift in Sources */,
			);
			runOnlyForDeploymentPostprocessing = 0;
		};
/* End PBXSourcesBuildPhase section */

/* Begin PBXVariantGroup section */
		D2546EAE24C3150100FA87AC /* LaunchScreen.storyboard */ = {
			isa = PBXVariantGroup;
			children = (
				D2546EAF24C3150100FA87AC /* Base */,
			);
			name = LaunchScreen.storyboard;
			sourceTree = "<group>";
		};
/* End PBXVariantGroup section */

/* Begin XCBuildConfiguration section */
		D2546EC824C3150200FA87AC /* Debug */ = {
			isa = XCBuildConfiguration;
			buildSettings = {
				ALWAYS_SEARCH_USER_PATHS = NO;
				CLANG_ANALYZER_NONNULL = YES;
				CLANG_ANALYZER_NUMBER_OBJECT_CONVERSION = YES_AGGRESSIVE;
				CLANG_CXX_LANGUAGE_STANDARD = "gnu++14";
				CLANG_CXX_LIBRARY = "libc++";
				CLANG_ENABLE_MODULES = YES;
				CLANG_ENABLE_OBJC_ARC = YES;
				CLANG_ENABLE_OBJC_WEAK = YES;
				CLANG_WARN_BLOCK_CAPTURE_AUTORELEASING = YES;
				CLANG_WARN_BOOL_CONVERSION = YES;
				CLANG_WARN_COMMA = YES;
				CLANG_WARN_CONSTANT_CONVERSION = YES;
				CLANG_WARN_DEPRECATED_OBJC_IMPLEMENTATIONS = YES;
				CLANG_WARN_DIRECT_OBJC_ISA_USAGE = YES_ERROR;
				CLANG_WARN_DOCUMENTATION_COMMENTS = YES;
				CLANG_WARN_EMPTY_BODY = YES;
				CLANG_WARN_ENUM_CONVERSION = YES;
				CLANG_WARN_INFINITE_RECURSION = YES;
				CLANG_WARN_INT_CONVERSION = YES;
				CLANG_WARN_NON_LITERAL_NULL_CONVERSION = YES;
				CLANG_WARN_OBJC_IMPLICIT_RETAIN_SELF = YES;
				CLANG_WARN_OBJC_LITERAL_CONVERSION = YES;
				CLANG_WARN_OBJC_ROOT_CLASS = YES_ERROR;
				CLANG_WARN_RANGE_LOOP_ANALYSIS = YES;
				CLANG_WARN_STRICT_PROTOTYPES = YES;
				CLANG_WARN_SUSPICIOUS_MOVE = YES;
				CLANG_WARN_UNGUARDED_AVAILABILITY = YES_AGGRESSIVE;
				CLANG_WARN_UNREACHABLE_CODE = YES;
				CLANG_WARN__DUPLICATE_METHOD_MATCH = YES;
				COPY_PHASE_STRIP = NO;
				DEBUG_INFORMATION_FORMAT = dwarf;
				ENABLE_STRICT_OBJC_MSGSEND = YES;
				ENABLE_TESTABILITY = YES;
				GCC_C_LANGUAGE_STANDARD = gnu11;
				GCC_DYNAMIC_NO_PIC = NO;
				GCC_NO_COMMON_BLOCKS = YES;
				GCC_OPTIMIZATION_LEVEL = 0;
				GCC_PREPROCESSOR_DEFINITIONS = (
					"DEBUG=1",
					"$(inherited)",
				);
				GCC_WARN_64_TO_32_BIT_CONVERSION = YES;
				GCC_WARN_ABOUT_RETURN_TYPE = YES_ERROR;
				GCC_WARN_UNDECLARED_SELECTOR = YES;
				GCC_WARN_UNINITIALIZED_AUTOS = YES_AGGRESSIVE;
				GCC_WARN_UNUSED_FUNCTION = YES;
				GCC_WARN_UNUSED_VARIABLE = YES;
				IPHONEOS_DEPLOYMENT_TARGET = 13.5;
				MTL_ENABLE_DEBUG_INFO = INCLUDE_SOURCE;
				MTL_FAST_MATH = YES;
				ONLY_ACTIVE_ARCH = YES;
				SDKROOT = iphoneos;
				SWIFT_ACTIVE_COMPILATION_CONDITIONS = DEBUG;
				SWIFT_OPTIMIZATION_LEVEL = "-Onone";
			};
			name = Debug;
		};
		D2546EC924C3150200FA87AC /* Release */ = {
			isa = XCBuildConfiguration;
			buildSettings = {
				ALWAYS_SEARCH_USER_PATHS = NO;
				CLANG_ANALYZER_NONNULL = YES;
				CLANG_ANALYZER_NUMBER_OBJECT_CONVERSION = YES_AGGRESSIVE;
				CLANG_CXX_LANGUAGE_STANDARD = "gnu++14";
				CLANG_CXX_LIBRARY = "libc++";
				CLANG_ENABLE_MODULES = YES;
				CLANG_ENABLE_OBJC_ARC = YES;
				CLANG_ENABLE_OBJC_WEAK = YES;
				CLANG_WARN_BLOCK_CAPTURE_AUTORELEASING = YES;
				CLANG_WARN_BOOL_CONVERSION = YES;
				CLANG_WARN_COMMA = YES;
				CLANG_WARN_CONSTANT_CONVERSION = YES;
				CLANG_WARN_DEPRECATED_OBJC_IMPLEMENTATIONS = YES;
				CLANG_WARN_DIRECT_OBJC_ISA_USAGE = YES_ERROR;
				CLANG_WARN_DOCUMENTATION_COMMENTS = YES;
				CLANG_WARN_EMPTY_BODY = YES;
				CLANG_WARN_ENUM_CONVERSION = YES;
				CLANG_WARN_INFINITE_RECURSION = YES;
				CLANG_WARN_INT_CONVERSION = YES;
				CLANG_WARN_NON_LITERAL_NULL_CONVERSION = YES;
				CLANG_WARN_OBJC_IMPLICIT_RETAIN_SELF = YES;
				CLANG_WARN_OBJC_LITERAL_CONVERSION = YES;
				CLANG_WARN_OBJC_ROOT_CLASS = YES_ERROR;
				CLANG_WARN_RANGE_LOOP_ANALYSIS = YES;
				CLANG_WARN_STRICT_PROTOTYPES = YES;
				CLANG_WARN_SUSPICIOUS_MOVE = YES;
				CLANG_WARN_UNGUARDED_AVAILABILITY = YES_AGGRESSIVE;
				CLANG_WARN_UNREACHABLE_CODE = YES;
				CLANG_WARN__DUPLICATE_METHOD_MATCH = YES;
				COPY_PHASE_STRIP = NO;
				DEBUG_INFORMATION_FORMAT = "dwarf-with-dsym";
				ENABLE_NS_ASSERTIONS = NO;
				ENABLE_STRICT_OBJC_MSGSEND = YES;
				GCC_C_LANGUAGE_STANDARD = gnu11;
				GCC_NO_COMMON_BLOCKS = YES;
				GCC_WARN_64_TO_32_BIT_CONVERSION = YES;
				GCC_WARN_ABOUT_RETURN_TYPE = YES_ERROR;
				GCC_WARN_UNDECLARED_SELECTOR = YES;
				GCC_WARN_UNINITIALIZED_AUTOS = YES_AGGRESSIVE;
				GCC_WARN_UNUSED_FUNCTION = YES;
				GCC_WARN_UNUSED_VARIABLE = YES;
				IPHONEOS_DEPLOYMENT_TARGET = 13.5;
				MTL_ENABLE_DEBUG_INFO = NO;
				MTL_FAST_MATH = YES;
				SDKROOT = iphoneos;
				SWIFT_COMPILATION_MODE = wholemodule;
				SWIFT_OPTIMIZATION_LEVEL = "-O";
				VALIDATE_PRODUCT = YES;
			};
			name = Release;
		};
		D2546ECB24C3150200FA87AC /* Debug */ = {
			isa = XCBuildConfiguration;
			buildSettings = {
				ASSETCATALOG_COMPILER_APPICON_NAME = AppIcon;
				CODE_SIGN_STYLE = Automatic;
				DEVELOPMENT_ASSET_PATHS = "\"LearnSwiftUI/Preview Content\"";
				DEVELOPMENT_TEAM = U7J257E57V;
				ENABLE_PREVIEWS = YES;
				INFOPLIST_FILE = LearnSwiftUI/Info.plist;
				LD_RUNPATH_SEARCH_PATHS = (
					"$(inherited)",
					"@executable_path/Frameworks",
				);
				PRODUCT_BUNDLE_IDENTIFIER = co.au.test.LearnSwiftUI;
				PRODUCT_NAME = "$(TARGET_NAME)";
				SWIFT_VERSION = 5.0;
				TARGETED_DEVICE_FAMILY = "1,2";
			};
			name = Debug;
		};
		D2546ECC24C3150200FA87AC /* Release */ = {
			isa = XCBuildConfiguration;
			buildSettings = {
				ASSETCATALOG_COMPILER_APPICON_NAME = AppIcon;
				CODE_SIGN_STYLE = Automatic;
				DEVELOPMENT_ASSET_PATHS = "\"LearnSwiftUI/Preview Content\"";
				DEVELOPMENT_TEAM = U7J257E57V;
				ENABLE_PREVIEWS = YES;
				INFOPLIST_FILE = LearnSwiftUI/Info.plist;
				LD_RUNPATH_SEARCH_PATHS = (
					"$(inherited)",
					"@executable_path/Frameworks",
				);
				PRODUCT_BUNDLE_IDENTIFIER = co.au.test.LearnSwiftUI;
				PRODUCT_NAME = "$(TARGET_NAME)";
				SWIFT_VERSION = 5.0;
				TARGETED_DEVICE_FAMILY = "1,2";
			};
			name = Release;
		};
/* End XCBuildConfiguration section */

/* Begin XCConfigurationList section */
		D2546E9B24C314FB00FA87AC /* Build configuration list for PBXProject "LearnSwiftUI" */ = {
			isa = XCConfigurationList;
			buildConfigurations = (
				D2546EC824C3150200FA87AC /* Debug */,
				D2546EC924C3150200FA87AC /* Release */,
			);
			defaultConfigurationIsVisible = 0;
			defaultConfigurationName = Release;
		};
		D2546ECA24C3150200FA87AC /* Build configuration list for PBXNativeTarget "LearnSwiftUI" */ = {
			isa = XCConfigurationList;
			buildConfigurations = (
				D2546ECB24C3150200FA87AC /* Debug */,
				D2546ECC24C3150200FA87AC /* Release */,
			);
			defaultConfigurationIsVisible = 0;
			defaultConfigurationName = Release;
		};
/* End XCConfigurationList section */
	};
	rootObject = D2546E9824C314FB00FA87AC /* Project object */;
}
